
Microsoft Visual Studio Solution File, Format Version 12.00
# Visual Studio Version 17
VisualStudioVersion = 17.0.32014.148
MinimumVisualStudioVersion = 10.0.40219.1
Project("{FAE04EC0-301F-11D3-BF4B-00C04F79EFBC}") = "CheckServer", "CheckServer.csproj", "{88806D2C-E158-43E1-9452-BD40D6B10DEB}"
EndProject
Global
	GlobalSection(SolutionConfigurationPlatforms) = preSolution
		Debug|Any CPU = Debug|Any CPU
		Release|Any CPU = Release|Any CPU
	EndGlobalSection
	GlobalSection(ProjectConfigurationPlatforms) = postSolution
		{88806D2C-E158-43E1-9452-BD40D6B10DEB}.Debug|Any CPU.ActiveCfg = Debug|Any CPU
		{88806D2C-E158-43E1-9452-BD40D6B10DEB}.Debug|Any CPU.Build.0 = Debug|Any CPU
		{88806D2C-E158-43E1-9452-BD40D6B10DEB}.Release|Any CPU.ActiveCfg = Release|Any CPU
		{88806D2C-E158-43E1-9452-BD40D6B10DEB}.Release|Any CPU.Build.0 = Release|Any CPU
	EndGlobalSection
	GlobalSection(SolutionProperties) = preSolution
		HideSolutionNode = FALSE
	EndGlobalSection
	GlobalSection(ExtensibilityGlobals) = postSolution
		SolutionGuid = {F316D18E-373F-4B3B-8A69-195D89293786}
	EndGlobalSection
EndGlobal
